
Microsoft Visual Studio Solution File, Format Version 12.00
# Visual Studio 15
VisualStudioVersion = 15.0.28010.2026
MinimumVisualStudioVersion = 10.0.40219.1
Project("{FAE04EC0-301F-11D3-BF4B-00C04F79EFBC}") = "Text Editor", "Text Editor\Text Editor.csproj", "{B0CEFF23-9E97-4B32-888B-FE1033D58E14}"
EndProject
Global
	GlobalSection(SolutionConfigurationPlatforms) = preSolution
		Debug|Any CPU = Debug|Any CPU
		Release|Any CPU = Release|Any CPU
	EndGlobalSection
	GlobalSection(ProjectConfigurationPlatforms) = postSolution
		{B0CEFF23-9E97-4B32-888B-FE1033D58E14}.Debug|Any CPU.ActiveCfg = Debug|Any CPU
		{B0CEFF23-9E97-4B32-888B-FE1033D58E14}.Debug|Any CPU.Build.0 = Debug|Any CPU
		{B0CEFF23-9E97-4B32-888B-FE1033D58E14}.Release|Any CPU.ActiveCfg = Release|Any CPU
		{B0CEFF23-9E97-4B32-888B-FE1033D58E14}.Release|Any CPU.Build.0 = Release|Any CPU
	EndGlobalSection
	GlobalSection(SolutionProperties) = preSolution
		HideSolutionNode = FALSE
	EndGlobalSection
	GlobalSection(ExtensibilityGlobals) = postSolution
		SolutionGuid = {19DB94A5-8102-4EF8-A092-6599F85B4902}
	EndGlobalSection
EndGlobal
